// !$*UTF8*$!
{
	archiveVersion = 1;
	classes = {
	};
	objectVersion = 46;
	objects = {

/* Begin PBXBuildFile section */
		FE1991991D708E4000BE0AC9 /* AppDelegate.swift in Sources */ = {isa = PBXBuildFile; fileRef = FE1991981D708E4000BE0AC9 /* AppDelegate.swift */; };
		FE19919B1D708E4000BE0AC9 /* MasterViewController.swift in Sources */ = {isa = PBXBuildFile; fileRef = FE19919A1D708E4000BE0AC9 /* MasterViewController.swift */; };
		FE19919D1D708E4000BE0AC9 /* DetailViewController.swift in Sources */ = {isa = PBXBuildFile; fileRef = FE19919C1D708E4000BE0AC9 /* DetailViewController.swift */; };
		FE1991A01D708E4000BE0AC9 /* Main.storyboard in Resources */ = {isa = PBXBuildFile; fileRef = FE19919E1D708E4000BE0AC9 /* Main.storyboard */; };
		FE1991A21D708E4100BE0AC9 /* Assets.xcassets in Resources */ = {isa = PBXBuildFile; fileRef = FE1991A11D708E4100BE0AC9 /* Assets.xcassets */; };
		FE1991A51D708E4100BE0AC9 /* LaunchScreen.storyboard in Resources */ = {isa = PBXBuildFile; fileRef = FE1991A31D708E4100BE0AC9 /* LaunchScreen.storyboard */; };
		FE1991B01D708E4100BE0AC9 /* Taxes_To_Go_Utility_AppTests.swift in Sources */ = {isa = PBXBuildFile; fileRef = FE1991AF1D708E4100BE0AC9 /* Taxes_To_Go_Utility_AppTests.swift */; };
		FE1991BB1D708E4100BE0AC9 /* Taxes_To_Go_Utility_AppUITests.swift in Sources */ = {isa = PBXBuildFile; fileRef = FE1991BA1D708E4100BE0AC9 /* Taxes_To_Go_Utility_AppUITests.swift */; };
		FE1991C91D7090D900BE0AC9 /* AddTaxUserViewController.swift in Sources */ = {isa = PBXBuildFile; fileRef = FE1991C81D7090D900BE0AC9 /* AddTaxUserViewController.swift */; };
		FE1991CC1D70AF4200BE0AC9 /* Client.swift in Sources */ = {isa = PBXBuildFile; fileRef = FE1991CB1D70AF4200BE0AC9 /* Client.swift */; };
		FE1991D31D70B49F00BE0AC9 /* SenderCell.swift in Sources */ = {isa = PBXBuildFile; fileRef = FE1991D11D70B49F00BE0AC9 /* SenderCell.swift */; };
		FE1991D41D70B49F00BE0AC9 /* SenderCell.xib in Resources */ = {isa = PBXBuildFile; fileRef = FE1991D21D70B49F00BE0AC9 /* SenderCell.xib */; };
		FE1991D71D70B4AC00BE0AC9 /* ReceiverCell.swift in Sources */ = {isa = PBXBuildFile; fileRef = FE1991D51D70B4AC00BE0AC9 /* ReceiverCell.swift */; };
		FE1991D81D70B4AC00BE0AC9 /* ReceiverCell.xib in Resources */ = {isa = PBXBuildFile; fileRef = FE1991D61D70B4AC00BE0AC9 /* ReceiverCell.xib */; };
		FE1991DB1D70B4EB00BE0AC9 /* Chat.swift in Sources */ = {isa = PBXBuildFile; fileRef = FE1991DA1D70B4EB00BE0AC9 /* Chat.swift */; };
		FE1991DD1D70B85700BE0AC9 /* Interface.swift in Sources */ = {isa = PBXBuildFile; fileRef = FE1991DC1D70B85700BE0AC9 /* Interface.swift */; };
/* End PBXBuildFile section */

/* Begin PBXContainerItemProxy section */
		FE1991AC1D708E4100BE0AC9 /* PBXContainerItemProxy */ = {
			isa = PBXContainerItemProxy;
			containerPortal = FE19918D1D708E4000BE0AC9 /* Project object */;
			proxyType = 1;
			remoteGlobalIDString = FE1991941D708E4000BE0AC9;
			remoteInfo = "Taxes To Go Utility App";
		};
		FE1991B71D708E4100BE0AC9 /* PBXContainerItemProxy */ = {
			isa = PBXContainerItemProxy;
			containerPortal = FE19918D1D708E4000BE0AC9 /* Project object */;
			proxyType = 1;
			remoteGlobalIDString = FE1991941D708E4000BE0AC9;
			remoteInfo = "Taxes To Go Utility App";
		};
/* End PBXContainerItemProxy section */

/* Begin PBXFileReference section */
		FE1991951D708E4000BE0AC9 /* Taxes To Go Utility App.app */ = {isa = PBXFileReference; explicitFileType = wrapper.application; includeInIndex = 0; path = "Taxes To Go Utility App.app"; sourceTree = BUILT_PRODUCTS_DIR; };
		FE1991981D708E4000BE0AC9 /* AppDelegate.swift */ = {isa = PBXFileReference; lastKnownFileType = sourcecode.swift; path = AppDelegate.swift; sourceTree = "<group>"; };
		FE19919A1D708E4000BE0AC9 /* MasterViewController.swift */ = {isa = PBXFileReference; lastKnownFileType = sourcecode.swift; path = MasterViewController.swift; sourceTree = "<group>"; };
		FE19919C1D708E4000BE0AC9 /* DetailViewController.swift */ = {isa = PBXFileReference; lastKnownFileType = sourcecode.swift; path = DetailViewController.swift; sourceTree = "<group>"; };
		FE19919F1D708E4000BE0AC9 /* Base */ = {isa = PBXFileReference; lastKnownFileType = file.storyboard; name = Base; path = Base.lproj/Main.storyboard; sourceTree = "<group>"; };
		FE1991A11D708E4100BE0AC9 /* Assets.xcassets */ = {isa = PBXFileReference; lastKnownFileType = folder.assetcatalog; path = Assets.xcassets; sourceTree = "<group>"; };
		FE1991A41D708E4100BE0AC9 /* Base */ = {isa = PBXFileReference; lastKnownFileType = file.storyboard; name = Base; path = Base.lproj/LaunchScreen.storyboard; sourceTree = "<group>"; };
		FE1991A61D708E4100BE0AC9 /* Info.plist */ = {isa = PBXFileReference; lastKnownFileType = text.plist.xml; path = Info.plist; sourceTree = "<group>"; };
		FE1991AB1D708E4100BE0AC9 /* Taxes To Go Utility AppTests.xctest */ = {isa = PBXFileReference; explicitFileType = wrapper.cfbundle; includeInIndex = 0; path = "Taxes To Go Utility AppTests.xctest"; sourceTree = BUILT_PRODUCTS_DIR; };
		FE1991AF1D708E4100BE0AC9 /* Taxes_To_Go_Utility_AppTests.swift */ = {isa = PBXFileReference; lastKnownFileType = sourcecode.swift; path = Taxes_To_Go_Utility_AppTests.swift; sourceTree = "<group>"; };
		FE1991B11D708E4100BE0AC9 /* Info.plist */ = {isa = PBXFileReference; lastKnownFileType = text.plist.xml; path = Info.plist; sourceTree = "<group>"; };
		FE1991B61D708E4100BE0AC9 /* Taxes To Go Utility AppUITests.xctest */ = {isa = PBXFileReference; explicitFileType = wrapper.cfbundle; includeInIndex = 0; path = "Taxes To Go Utility AppUITests.xctest"; sourceTree = BUILT_PRODUCTS_DIR; };
		FE1991BA1D708E4100BE0AC9 /* Taxes_To_Go_Utility_AppUITests.swift */ = {isa = PBXFileReference; lastKnownFileType = sourcecode.swift; path = Taxes_To_Go_Utility_AppUITests.swift; sourceTree = "<group>"; };
		FE1991BC1D708E4100BE0AC9 /* Info.plist */ = {isa = PBXFileReference; lastKnownFileType = text.plist.xml; path = Info.plist; sourceTree = "<group>"; };
		FE1991C81D7090D900BE0AC9 /* AddTaxUserViewController.swift */ = {isa = PBXFileReference; fileEncoding = 4; lastKnownFileType = sourcecode.swift; path = AddTaxUserViewController.swift; sourceTree = "<group>"; };
		FE1991CB1D70AF4200BE0AC9 /* Client.swift */ = {isa = PBXFileReference; fileEncoding = 4; lastKnownFileType = sourcecode.swift; path = Client.swift; sourceTree = "<group>"; };
		FE1991D11D70B49F00BE0AC9 /* SenderCell.swift */ = {isa = PBXFileReference; fileEncoding = 4; lastKnownFileType = sourcecode.swift; path = SenderCell.swift; sourceTree = "<group>"; };
		FE1991D21D70B49F00BE0AC9 /* SenderCell.xib */ = {isa = PBXFileReference; fileEncoding = 4; lastKnownFileType = file.xib; path = SenderCell.xib; sourceTree = "<group>"; };
		FE1991D51D70B4AC00BE0AC9 /* ReceiverCell.swift */ = {isa = PBXFileReference; fileEncoding = 4; lastKnownFileType = sourcecode.swift; path = ReceiverCell.swift; sourceTree = "<group>"; };
		FE1991D61D70B4AC00BE0AC9 /* ReceiverCell.xib */ = {isa = PBXFileReference; fileEncoding = 4; lastKnownFileType = file.xib; path = ReceiverCell.xib; sourceTree = "<group>"; };
		FE1991DA1D70B4EB00BE0AC9 /* Chat.swift */ = {isa = PBXFileReference; fileEncoding = 4; lastKnownFileType = sourcecode.swift; path = Chat.swift; sourceTree = "<group>"; };
		FE1991DC1D70B85700BE0AC9 /* Interface.swift */ = {isa = PBXFileReference; fileEncoding = 4; lastKnownFileType = sourcecode.swift; path = Interface.swift; sourceTree = "<group>"; };
/* End PBXFileReference section */

/* Begin PBXFrameworksBuildPhase section */
		FE1991921D708E4000BE0AC9 /* Frameworks */ = {
			isa = PBXFrameworksBuildPhase;
			buildActionMask = 2147483647;
			files = (
			);
			runOnlyForDeploymentPostprocessing = 0;
		};
		FE1991A81D708E4100BE0AC9 /* Frameworks */ = {
			isa = PBXFrameworksBuildPhase;
			buildActionMask = 2147483647;
			files = (
			);
			runOnlyForDeploymentPostprocessing = 0;
		};
		FE1991B31D708E4100BE0AC9 /* Frameworks */ = {
			isa = PBXFrameworksBuildPhase;
			buildActionMask = 2147483647;
			files = (
			);
			runOnlyForDeploymentPostprocessing = 0;
		};
/* End PBXFrameworksBuildPhase section */

/* Begin PBXGroup section */
		FE19918C1D708E4000BE0AC9 = {
			isa = PBXGroup;
			children = (
				FE1991971D708E4000BE0AC9 /* Taxes To Go Utility App */,
				FE1991AE1D708E4100BE0AC9 /* Taxes To Go Utility AppTests */,
				FE1991B91D708E4100BE0AC9 /* Taxes To Go Utility AppUITests */,
				FE1991961D708E4000BE0AC9 /* Products */,
			);
			sourceTree = "<group>";
		};
		FE1991961D708E4000BE0AC9 /* Products */ = {
			isa = PBXGroup;
			children = (
				FE1991951D708E4000BE0AC9 /* Taxes To Go Utility App.app */,
				FE1991AB1D708E4100BE0AC9 /* Taxes To Go Utility AppTests.xctest */,
				FE1991B61D708E4100BE0AC9 /* Taxes To Go Utility AppUITests.xctest */,
			);
			name = Products;
			sourceTree = "<group>";
		};
		FE1991971D708E4000BE0AC9 /* Taxes To Go Utility App */ = {
			isa = PBXGroup;
			children = (
				FE1991981D708E4000BE0AC9 /* AppDelegate.swift */,
				FE1991CA1D7090E700BE0AC9 /* Views */,
				FE19919E1D708E4000BE0AC9 /* Main.storyboard */,
				FE1991A11D708E4100BE0AC9 /* Assets.xcassets */,
				FE1991A31D708E4100BE0AC9 /* LaunchScreen.storyboard */,
				FE1991A61D708E4100BE0AC9 /* Info.plist */,
				FE1991CD1D70AF8E00BE0AC9 /* Models */,
			);
			path = "Taxes To Go Utility App";
			sourceTree = "<group>";
		};
		FE1991AE1D708E4100BE0AC9 /* Taxes To Go Utility AppTests */ = {
			isa = PBXGroup;
			children = (
				FE1991AF1D708E4100BE0AC9 /* Taxes_To_Go_Utility_AppTests.swift */,
				FE1991B11D708E4100BE0AC9 /* Info.plist */,
			);
			path = "Taxes To Go Utility AppTests";
			sourceTree = "<group>";
		};
		FE1991B91D708E4100BE0AC9 /* Taxes To Go Utility AppUITests */ = {
			isa = PBXGroup;
			children = (
				FE1991BA1D708E4100BE0AC9 /* Taxes_To_Go_Utility_AppUITests.swift */,
				FE1991BC1D708E4100BE0AC9 /* Info.plist */,
			);
			path = "Taxes To Go Utility AppUITests";
			sourceTree = "<group>";
		};
		FE1991CA1D7090E700BE0AC9 /* Views */ = {
			isa = PBXGroup;
			children = (
				FE19919A1D708E4000BE0AC9 /* MasterViewController.swift */,
				FE1991D01D70B48600BE0AC9 /* Chat Table */,
				FE1991C81D7090D900BE0AC9 /* AddTaxUserViewController.swift */,
			);
			name = Views;
			sourceTree = "<group>";
		};
		FE1991CD1D70AF8E00BE0AC9 /* Models */ = {
			isa = PBXGroup;
			children = (
				FE1991CB1D70AF4200BE0AC9 /* Client.swift */,
				FE1991DA1D70B4EB00BE0AC9 /* Chat.swift */,
				FE1991DC1D70B85700BE0AC9 /* Interface.swift */,
			);
			name = Models;
			sourceTree = "<group>";
		};
		FE1991D01D70B48600BE0AC9 /* Chat Table */ = {
			isa = PBXGroup;
			children = (
				FE19919C1D708E4000BE0AC9 /* DetailViewController.swift */,
				FE1991D91D70B4B000BE0AC9 /* Cells */,
			);
			name = "Chat Table";
			sourceTree = "<group>";
		};
		FE1991D91D70B4B000BE0AC9 /* Cells */ = {
			isa = PBXGroup;
			children = (
				FE1991D11D70B49F00BE0AC9 /* SenderCell.swift */,
				FE1991D21D70B49F00BE0AC9 /* SenderCell.xib */,
				FE1991D51D70B4AC00BE0AC9 /* ReceiverCell.swift */,
				FE1991D61D70B4AC00BE0AC9 /* ReceiverCell.xib */,
			);
			name = Cells;
			sourceTree = "<group>";
		};
/* End PBXGroup section */

/* Begin PBXNativeTarget section */
		FE1991941D708E4000BE0AC9 /* Taxes To Go Utility App */ = {
			isa = PBXNativeTarget;
			buildConfigurationList = FE1991BF1D708E4100BE0AC9 /* Build configuration list for PBXNativeTarget "Taxes To Go Utility App" */;
			buildPhases = (
				FE1991911D708E4000BE0AC9 /* Sources */,
				FE1991921D708E4000BE0AC9 /* Frameworks */,
				FE1991931D708E4000BE0AC9 /* Resources */,
			);
			buildRules = (
			);
			dependencies = (
			);
			name = "Taxes To Go Utility App";
			productName = "Taxes To Go Utility App";
			productReference = FE1991951D708E4000BE0AC9 /* Taxes To Go Utility App.app */;
			productType = "com.apple.product-type.application";
		};
		FE1991AA1D708E4100BE0AC9 /* Taxes To Go Utility AppTests */ = {
			isa = PBXNativeTarget;
			buildConfigurationList = FE1991C21D708E4100BE0AC9 /* Build configuration list for PBXNativeTarget "Taxes To Go Utility AppTests" */;
			buildPhases = (
				FE1991A71D708E4100BE0AC9 /* Sources */,
				FE1991A81D708E4100BE0AC9 /* Frameworks */,
				FE1991A91D708E4100BE0AC9 /* Resources */,
			);
			buildRules = (
			);
			dependencies = (
				FE1991AD1D708E4100BE0AC9 /* PBXTargetDependency */,
			);
			name = "Taxes To Go Utility AppTests";
			productName = "Taxes To Go Utility AppTests";
			productReference = FE1991AB1D708E4100BE0AC9 /* Taxes To Go Utility AppTests.xctest */;
			productType = "com.apple.product-type.bundle.unit-test";
		};
		FE1991B51D708E4100BE0AC9 /* Taxes To Go Utility AppUITests */ = {
			isa = PBXNativeTarget;
			buildConfigurationList = FE1991C51D708E4100BE0AC9 /* Build configuration list for PBXNativeTarget "Taxes To Go Utility AppUITests" */;
			buildPhases = (
				FE1991B21D708E4100BE0AC9 /* Sources */,
				FE1991B31D708E4100BE0AC9 /* Frameworks */,
				FE1991B41D708E4100BE0AC9 /* Resources */,
			);
			buildRules = (
			);
			dependencies = (
				FE1991B81D708E4100BE0AC9 /* PBXTargetDependency */,
			);
			name = "Taxes To Go Utility AppUITests";
			productName = "Taxes To Go Utility AppUITests";
			productReference = FE1991B61D708E4100BE0AC9 /* Taxes To Go Utility AppUITests.xctest */;
			productType = "com.apple.product-type.bundle.ui-testing";
		};
/* End PBXNativeTarget section */

/* Begin PBXProject section */
		FE19918D1D708E4000BE0AC9 /* Project object */ = {
			isa = PBXProject;
			attributes = {
				LastSwiftUpdateCheck = 0730;
				LastUpgradeCheck = 0730;
				ORGANIZATIONNAME = "Rhodes Computer Services";
				TargetAttributes = {
					FE1991941D708E4000BE0AC9 = {
						CreatedOnToolsVersion = 7.3.1;
					};
					FE1991AA1D708E4100BE0AC9 = {
						CreatedOnToolsVersion = 7.3.1;
						TestTargetID = FE1991941D708E4000BE0AC9;
					};
					FE1991B51D708E4100BE0AC9 = {
						CreatedOnToolsVersion = 7.3.1;
						TestTargetID = FE1991941D708E4000BE0AC9;
					};
				};
			};
			buildConfigurationList = FE1991901D708E4000BE0AC9 /* Build configuration list for PBXProject "Taxes To Go Utility App" */;
			compatibilityVersion = "Xcode 3.2";
			developmentRegion = English;
			hasScannedForEncodings = 0;
			knownRegions = (
				en,
				Base,
			);
			mainGroup = FE19918C1D708E4000BE0AC9;
			productRefGroup = FE1991961D708E4000BE0AC9 /* Products */;
			projectDirPath = "";
			projectRoot = "";
			targets = (
				FE1991941D708E4000BE0AC9 /* Taxes To Go Utility App */,
				FE1991AA1D708E4100BE0AC9 /* Taxes To Go Utility AppTests */,
				FE1991B51D708E4100BE0AC9 /* Taxes To Go Utility AppUITests */,
			);
		};
/* End PBXProject section */

/* Begin PBXResourcesBuildPhase section */
		FE1991931D708E4000BE0AC9 /* Resources */ = {
			isa = PBXResourcesBuildPhase;
			buildActionMask = 2147483647;
			files = (
				FE1991D41D70B49F00BE0AC9 /* SenderCell.xib in Resources */,
				FE1991A51D708E4100BE0AC9 /* LaunchScreen.storyboard in Resources */,
				FE1991A21D708E4100BE0AC9 /* Assets.xcassets in Resources */,
				FE1991D81D70B4AC00BE0AC9 /* ReceiverCell.xib in Resources */,
				FE1991A01D708E4000BE0AC9 /* Main.storyboard in Resources */,
			);
			runOnlyForDeploymentPostprocessing = 0;
		};
		FE1991A91D708E4100BE0AC9 /* Resources */ = {
			isa = PBXResourcesBuildPhase;
			buildActionMask = 2147483647;
			files = (
			);
			runOnlyForDeploymentPostprocessing = 0;
		};
		FE1991B41D708E4100BE0AC9 /* Resources */ = {
			isa = PBXResourcesBuildPhase;
			buildActionMask = 2147483647;
			files = (
			);
			runOnlyForDeploymentPostprocessing = 0;
		};
/* End PBXResourcesBuildPhase section */

/* Begin PBXSourcesBuildPhase section */
		FE1991911D708E4000BE0AC9 /* Sources */ = {
			isa = PBXSourcesBuildPhase;
			buildActionMask = 2147483647;
			files = (
				FE19919D1D708E4000BE0AC9 /* DetailViewController.swift in Sources */,
				FE1991C91D7090D900BE0AC9 /* AddTaxUserViewController.swift in Sources */,
				FE1991D31D70B49F00BE0AC9 /* SenderCell.swift in Sources */,
				FE19919B1D708E4000BE0AC9 /* MasterViewController.swift in Sources */,
				FE1991D71D70B4AC00BE0AC9 /* ReceiverCell.swift in Sources */,
				FE1991DB1D70B4EB00BE0AC9 /* Chat.swift in Sources */,
				FE1991CC1D70AF4200BE0AC9 /* Client.swift in Sources */,
				FE1991991D708E4000BE0AC9 /* AppDelegate.swift in Sources */,
				FE1991DD1D70B85700BE0AC9 /* Interface.swift in Sources */,
			);
			runOnlyForDeploymentPostprocessing = 0;
		};
		FE1991A71D708E4100BE0AC9 /* Sources */ = {
			isa = PBXSourcesBuildPhase;
			buildActionMask = 2147483647;
			files = (
				FE1991B01D708E4100BE0AC9 /* Taxes_To_Go_Utility_AppTests.swift in Sources */,
			);
			runOnlyForDeploymentPostprocessing = 0;
		};
		FE1991B21D708E4100BE0AC9 /* Sources */ = {
			isa = PBXSourcesBuildPhase;
			buildActionMask = 2147483647;
			files = (
				FE1991BB1D708E4100BE0AC9 /* Taxes_To_Go_Utility_AppUITests.swift in Sources */,
			);
			runOnlyForDeploymentPostprocessing = 0;
		};
/* End PBXSourcesBuildPhase section */

/* Begin PBXTargetDependency section */
		FE1991AD1D708E4100BE0AC9 /* PBXTargetDependency */ = {
			isa = PBXTargetDependency;
			target = FE1991941D708E4000BE0AC9 /* Taxes To Go Utility App */;
			targetProxy = FE1991AC1D708E4100BE0AC9 /* PBXContainerItemProxy */;
		};
		FE1991B81D708E4100BE0AC9 /* PBXTargetDependency */ = {
			isa = PBXTargetDependency;
			target = FE1991941D708E4000BE0AC9 /* Taxes To Go Utility App */;
			targetProxy = FE1991B71D708E4100BE0AC9 /* PBXContainerItemProxy */;
		};
/* End PBXTargetDependency section */

/* Begin PBXVariantGroup section */
		FE19919E1D708E4000BE0AC9 /* Main.storyboard */ = {
			isa = PBXVariantGroup;
			children = (
				FE19919F1D708E4000BE0AC9 /* Base */,
			);
			name = Main.storyboard;
			sourceTree = "<group>";
		};
		FE1991A31D708E4100BE0AC9 /* LaunchScreen.storyboard */ = {
			isa = PBXVariantGroup;
			children = (
				FE1991A41D708E4100BE0AC9 /* Base */,
			);
			name = LaunchScreen.storyboard;
			sourceTree = "<group>";
		};
/* End PBXVariantGroup section */

/* Begin XCBuildConfiguration section */
		FE1991BD1D708E4100BE0AC9 /* Debug */ = {
			isa = XCBuildConfiguration;
			buildSettings = {
				ALWAYS_SEARCH_USER_PATHS = NO;
				CLANG_ANALYZER_NONNULL = YES;
				CLANG_CXX_LANGUAGE_STANDARD = "gnu++0x";
				CLANG_CXX_LIBRARY = "libc++";
				CLANG_ENABLE_MODULES = YES;
				CLANG_ENABLE_OBJC_ARC = YES;
				CLANG_WARN_BOOL_CONVERSION = YES;
				CLANG_WARN_CONSTANT_CONVERSION = YES;
				CLANG_WARN_DIRECT_OBJC_ISA_USAGE = YES_ERROR;
				CLANG_WARN_EMPTY_BODY = YES;
				CLANG_WARN_ENUM_CONVERSION = YES;
				CLANG_WARN_INT_CONVERSION = YES;
				CLANG_WARN_OBJC_ROOT_CLASS = YES_ERROR;
				CLANG_WARN_UNREACHABLE_CODE = YES;
				CLANG_WARN__DUPLICATE_METHOD_MATCH = YES;
				"CODE_SIGN_IDENTITY[sdk=iphoneos*]" = "iPhone Developer";
				COPY_PHASE_STRIP = NO;
				DEBUG_INFORMATION_FORMAT = dwarf;
				ENABLE_STRICT_OBJC_MSGSEND = YES;
				ENABLE_TESTABILITY = YES;
				GCC_C_LANGUAGE_STANDARD = gnu99;
				GCC_DYNAMIC_NO_PIC = NO;
				GCC_NO_COMMON_BLOCKS = YES;
				GCC_OPTIMIZATION_LEVEL = 0;
				GCC_PREPROCESSOR_DEFINITIONS = (
					"DEBUG=1",
					"$(inherited)",
				);
				GCC_WARN_64_TO_32_BIT_CONVERSION = YES;
				GCC_WARN_ABOUT_RETURN_TYPE = YES_ERROR;
				GCC_WARN_UNDECLARED_SELECTOR = YES;
				GCC_WARN_UNINITIALIZED_AUTOS = YES_AGGRESSIVE;
				GCC_WARN_UNUSED_FUNCTION = YES;
				GCC_WARN_UNUSED_VARIABLE = YES;
				IPHONEOS_DEPLOYMENT_TARGET = 9.3;
				MTL_ENABLE_DEBUG_INFO = YES;
				ONLY_ACTIVE_ARCH = YES;
				SDKROOT = iphoneos;
				SWIFT_OPTIMIZATION_LEVEL = "-Onone";
				TARGETED_DEVICE_FAMILY = 2;
			};
			name = Debug;
		};
		FE1991BE1D708E4100BE0AC9 /* Release */ = {
			isa = XCBuildConfiguration;
			buildSettings = {
				ALWAYS_SEARCH_USER_PATHS = NO;
				CLANG_ANALYZER_NONNULL = YES;
				CLANG_CXX_LANGUAGE_STANDARD = "gnu++0x";
				CLANG_CXX_LIBRARY = "libc++";
				CLANG_ENABLE_MODULES = YES;
				CLANG_ENABLE_OBJC_ARC = YES;
				CLANG_WARN_BOOL_CONVERSION = YES;
				CLANG_WARN_CONSTANT_CONVERSION = YES;
				CLANG_WARN_DIRECT_OBJC_ISA_USAGE = YES_ERROR;
				CLANG_WARN_EMPTY_BODY = YES;
				CLANG_WARN_ENUM_CONVERSION = YES;
				CLANG_WARN_INT_CONVERSION = YES;
				CLANG_WARN_OBJC_ROOT_CLASS = YES_ERROR;
				CLANG_WARN_UNREACHABLE_CODE = YES;
				CLANG_WARN__DUPLICATE_METHOD_MATCH = YES;
				"CODE_SIGN_IDENTITY[sdk=iphoneos*]" = "iPhone Developer";
				COPY_PHASE_STRIP = NO;
				DEBUG_INFORMATION_FORMAT = "dwarf-with-dsym";
				ENABLE_NS_ASSERTIONS = NO;
				ENABLE_STRICT_OBJC_MSGSEND = YES;
				GCC_C_LANGUAGE_STANDARD = gnu99;
				GCC_NO_COMMON_BLOCKS = YES;
				GCC_WARN_64_TO_32_BIT_CONVERSION = YES;
				GCC_WARN_ABOUT_RETURN_TYPE = YES_ERROR;
				GCC_WARN_UNDECLARED_SELECTOR = YES;
				GCC_WARN_UNINITIALIZED_AUTOS = YES_AGGRESSIVE;
				GCC_WARN_UNUSED_FUNCTION = YES;
				GCC_WARN_UNUSED_VARIABLE = YES;
				IPHONEOS_DEPLOYMENT_TARGET = 9.3;
				MTL_ENABLE_DEBUG_INFO = NO;
				SDKROOT = iphoneos;
				TARGETED_DEVICE_FAMILY = 2;
				VALIDATE_PRODUCT = YES;
			};
			name = Release;
		};
		FE1991C01D708E4100BE0AC9 /* Debug */ = {
			isa = XCBuildConfiguration;
			buildSettings = {
				ASSETCATALOG_COMPILER_APPICON_NAME = AppIcon;
				INFOPLIST_FILE = "Taxes To Go Utility App/Info.plist";
				LD_RUNPATH_SEARCH_PATHS = "$(inherited) @executable_path/Frameworks";
				PRODUCT_BUNDLE_IDENTIFIER = "com.rcs.Taxes-To-Go-Utility-App";
				PRODUCT_NAME = "$(TARGET_NAME)";
			};
			name = Debug;
		};
		FE1991C11D708E4100BE0AC9 /* Release */ = {
			isa = XCBuildConfiguration;
			buildSettings = {
				ASSETCATALOG_COMPILER_APPICON_NAME = AppIcon;
				INFOPLIST_FILE = "Taxes To Go Utility App/Info.plist";
				LD_RUNPATH_SEARCH_PATHS = "$(inherited) @executable_path/Frameworks";
				PRODUCT_BUNDLE_IDENTIFIER = "com.rcs.Taxes-To-Go-Utility-App";
				PRODUCT_NAME = "$(TARGET_NAME)";
			};
			name = Release;
		};
		FE1991C31D708E4100BE0AC9 /* Debug */ = {
			isa = XCBuildConfiguration;
			buildSettings = {
				BUNDLE_LOADER = "$(TEST_HOST)";
				INFOPLIST_FILE = "Taxes To Go Utility AppTests/Info.plist";
				LD_RUNPATH_SEARCH_PATHS = "$(inherited) @executable_path/Frameworks @loader_path/Frameworks";
				PRODUCT_BUNDLE_IDENTIFIER = "com.rcs.Taxes-To-Go-Utility-AppTests";
				PRODUCT_NAME = "$(TARGET_NAME)";
				TEST_HOST = "$(BUILT_PRODUCTS_DIR)/Taxes To Go Utility App.app/Taxes To Go Utility App";
			};
			name = Debug;
		};
		FE1991C41D708E4100BE0AC9 /* Release */ = {
			isa = XCBuildConfiguration;
			buildSettings = {
				BUNDLE_LOADER = "$(TEST_HOST)";
				INFOPLIST_FILE = "Taxes To Go Utility AppTests/Info.plist";
				LD_RUNPATH_SEARCH_PATHS = "$(inherited) @executable_path/Frameworks @loader_path/Frameworks";
				PRODUCT_BUNDLE_IDENTIFIER = "com.rcs.Taxes-To-Go-Utility-AppTests";
				PRODUCT_NAME = "$(TARGET_NAME)";
				TEST_HOST = "$(BUILT_PRODUCTS_DIR)/Taxes To Go Utility App.app/Taxes To Go Utility App";
			};
			name = Release;
		};
		FE1991C61D708E4100BE0AC9 /* Debug */ = {
			isa = XCBuildConfiguration;
			buildSettings = {
				INFOPLIST_FILE = "Taxes To Go Utility AppUITests/Info.plist";
				LD_RUNPATH_SEARCH_PATHS = "$(inherited) @executable_path/Frameworks @loader_path/Frameworks";
				PRODUCT_BUNDLE_IDENTIFIER = "com.rcs.Taxes-To-Go-Utility-AppUITests";
				PRODUCT_NAME = "$(TARGET_NAME)";
				TEST_TARGET_NAME = "Taxes To Go Utility App";
			};
			name = Debug;
		};
		FE1991C71D708E4100BE0AC9 /* Release */ = {
			isa = XCBuildConfiguration;
			buildSettings = {
				INFOPLIST_FILE = "Taxes To Go Utility AppUITests/Info.plist";
				LD_RUNPATH_SEARCH_PATHS = "$(inherited) @executable_path/Frameworks @loader_path/Frameworks";
				PRODUCT_BUNDLE_IDENTIFIER = "com.rcs.Taxes-To-Go-Utility-AppUITests";
				PRODUCT_NAME = "$(TARGET_NAME)";
				TEST_TARGET_NAME = "Taxes To Go Utility App";
			};
			name = Release;
		};
/* End XCBuildConfiguration section */

/* Begin XCConfigurationList section */
		FE1991901D708E4000BE0AC9 /* Build configuration list for PBXProject "Taxes To Go Utility App" */ = {
			isa = XCConfigurationList;
			buildConfigurations = (
				FE1991BD1D708E4100BE0AC9 /* Debug */,
				FE1991BE1D708E4100BE0AC9 /* Release */,
			);
			defaultConfigurationIsVisible = 0;
			defaultConfigurationName = Release;
		};
		FE1991BF1D708E4100BE0AC9 /* Build configuration list for PBXNativeTarget "Taxes To Go Utility App" */ = {
			isa = XCConfigurationList;
			buildConfigurations = (
				FE1991C01D708E4100BE0AC9 /* Debug */,
				FE1991C11D708E4100BE0AC9 /* Release */,
			);
			defaultConfigurationIsVisible = 0;
		};
		FE1991C21D708E4100BE0AC9 /* Build configuration list for PBXNativeTarget "Taxes To Go Utility AppTests" */ = {
			isa = XCConfigurationList;
			buildConfigurations = (
				FE1991C31D708E4100BE0AC9 /* Debug */,
				FE1991C41D708E4100BE0AC9 /* Release */,
			);
			defaultConfigurationIsVisible = 0;
		};
		FE1991C51D708E4100BE0AC9 /* Build configuration list for PBXNativeTarget "Taxes To Go Utility AppUITests" */ = {
			isa = XCConfigurationList;
			buildConfigurations = (
				FE1991C61D708E4100BE0AC9 /* Debug */,
				FE1991C71D708E4100BE0AC9 /* Release */,
			);
			defaultConfigurationIsVisible = 0;
		};
/* End XCConfigurationList section */
	};
	rootObject = FE19918D1D708E4000BE0AC9 /* Project object */;
}
